// !$*UTF8*$!
{
	archiveVersion = 1;
	classes = {
	};
	objectVersion = 50;
	objects = {

/* Begin PBXBuildFile section */
		5A3305F022BB02A0007F82B2 /* UploadedListModel.swift in Sources */ = {isa = PBXBuildFile; fileRef = 5A3305EF22BB02A0007F82B2 /* UploadedListModel.swift */; };
		5A4DC4DA228367930092F182 /* DataInteractor.swift in Sources */ = {isa = PBXBuildFile; fileRef = 5A4DC4D9228367930092F182 /* DataInteractor.swift */; };
		5A4DC4DF22836B550092F182 /* UploadedListVC.swift in Sources */ = {isa = PBXBuildFile; fileRef = 5A4DC4DE22836B550092F182 /* UploadedListVC.swift */; };
		5A4DC4E122836B840092F182 /* UploadedListRouter.swift in Sources */ = {isa = PBXBuildFile; fileRef = 5A4DC4E022836B840092F182 /* UploadedListRouter.swift */; };
		5A4DC4E322836BA80092F182 /* UploadedListPresenter.swift in Sources */ = {isa = PBXBuildFile; fileRef = 5A4DC4E222836BA80092F182 /* UploadedListPresenter.swift */; };
		5A4DC4E6228377530092F182 /* SimpleWebService.swift in Sources */ = {isa = PBXBuildFile; fileRef = 5A4DC4E5228377530092F182 /* SimpleWebService.swift */; };
		5A4DC4E8228379210092F182 /* ImageUrl.swift in Sources */ = {isa = PBXBuildFile; fileRef = 5A4DC4E7228379210092F182 /* ImageUrl.swift */; };
		5A4DC4EA22837A330092F182 /* UploadedListProtocols.swift in Sources */ = {isa = PBXBuildFile; fileRef = 5A4DC4E922837A330092F182 /* UploadedListProtocols.swift */; };
		5A4DC4EC22837AA60092F182 /* GalleryPhotosRouter.swift in Sources */ = {isa = PBXBuildFile; fileRef = 5A4DC4EB22837AA60092F182 /* GalleryPhotosRouter.swift */; };
		5A4DC4EE228380470092F182 /* GalleryPhotosProtocols.swift in Sources */ = {isa = PBXBuildFile; fileRef = 5A4DC4ED228380470092F182 /* GalleryPhotosProtocols.swift */; };
		5A4DC4F02283832A0092F182 /* GalleryPhotosPresenter.swift in Sources */ = {isa = PBXBuildFile; fileRef = 5A4DC4EF2283832A0092F182 /* GalleryPhotosPresenter.swift */; };
		5A4DC4F222846CA50092F182 /* UrlTableViewCell.swift in Sources */ = {isa = PBXBuildFile; fileRef = 5A4DC4F122846CA50092F182 /* UrlTableViewCell.swift */; };
		5AD2CEE62281AFA100FE65C9 /* AppDelegate.swift in Sources */ = {isa = PBXBuildFile; fileRef = 5AD2CEE52281AFA100FE65C9 /* AppDelegate.swift */; };
		5AD2CEE82281AFA100FE65C9 /* GalleryPhotosViewController.swift in Sources */ = {isa = PBXBuildFile; fileRef = 5AD2CEE72281AFA100FE65C9 /* GalleryPhotosViewController.swift */; };
		5AD2CEEB2281AFA100FE65C9 /* Main.storyboard in Resources */ = {isa = PBXBuildFile; fileRef = 5AD2CEE92281AFA100FE65C9 /* Main.storyboard */; };
		5AD2CEEE2281AFA100FE65C9 /* VIPERTrainingApp.xcdatamodeld in Sources */ = {isa = PBXBuildFile; fileRef = 5AD2CEEC2281AFA100FE65C9 /* VIPERTrainingApp.xcdatamodeld */; };
		5AD2CEF02281AFC300FE65C9 /* Assets.xcassets in Resources */ = {isa = PBXBuildFile; fileRef = 5AD2CEEF2281AFC300FE65C9 /* Assets.xcassets */; };
		5AD2CEF32281AFC300FE65C9 /* LaunchScreen.storyboard in Resources */ = {isa = PBXBuildFile; fileRef = 5AD2CEF12281AFC300FE65C9 /* LaunchScreen.storyboard */; };
		5AD2CEFB22822C0900FE65C9 /* ImageViewCell.swift in Sources */ = {isa = PBXBuildFile; fileRef = 5AD2CEFA22822C0900FE65C9 /* ImageViewCell.swift */; };
/* End PBXBuildFile section */

/* Begin PBXFileReference section */
		5A3305EF22BB02A0007F82B2 /* UploadedListModel.swift */ = {isa = PBXFileReference; lastKnownFileType = sourcecode.swift; path = UploadedListModel.swift; sourceTree = "<group>"; };
		5A4DC4D9228367930092F182 /* DataInteractor.swift */ = {isa = PBXFileReference; lastKnownFileType = sourcecode.swift; path = DataInteractor.swift; sourceTree = "<group>"; };
		5A4DC4DE22836B550092F182 /* UploadedListVC.swift */ = {isa = PBXFileReference; lastKnownFileType = sourcecode.swift; path = UploadedListVC.swift; sourceTree = "<group>"; };
		5A4DC4E022836B840092F182 /* UploadedListRouter.swift */ = {isa = PBXFileReference; lastKnownFileType = sourcecode.swift; path = UploadedListRouter.swift; sourceTree = "<group>"; };
		5A4DC4E222836BA80092F182 /* UploadedListPresenter.swift */ = {isa = PBXFileReference; lastKnownFileType = sourcecode.swift; path = UploadedListPresenter.swift; sourceTree = "<group>"; };
		5A4DC4E5228377530092F182 /* SimpleWebService.swift */ = {isa = PBXFileReference; lastKnownFileType = sourcecode.swift; path = SimpleWebService.swift; sourceTree = "<group>"; };
		5A4DC4E7228379210092F182 /* ImageUrl.swift */ = {isa = PBXFileReference; lastKnownFileType = sourcecode.swift; path = ImageUrl.swift; sourceTree = "<group>"; };
		5A4DC4E922837A330092F182 /* UploadedListProtocols.swift */ = {isa = PBXFileReference; lastKnownFileType = sourcecode.swift; path = UploadedListProtocols.swift; sourceTree = "<group>"; };
		5A4DC4EB22837AA60092F182 /* GalleryPhotosRouter.swift */ = {isa = PBXFileReference; lastKnownFileType = sourcecode.swift; path = GalleryPhotosRouter.swift; sourceTree = "<group>"; };
		5A4DC4ED228380470092F182 /* GalleryPhotosProtocols.swift */ = {isa = PBXFileReference; lastKnownFileType = sourcecode.swift; path = GalleryPhotosProtocols.swift; sourceTree = "<group>"; };
		5A4DC4EF2283832A0092F182 /* GalleryPhotosPresenter.swift */ = {isa = PBXFileReference; lastKnownFileType = sourcecode.swift; path = GalleryPhotosPresenter.swift; sourceTree = "<group>"; };
		5A4DC4F122846CA50092F182 /* UrlTableViewCell.swift */ = {isa = PBXFileReference; lastKnownFileType = sourcecode.swift; path = UrlTableViewCell.swift; sourceTree = "<group>"; };
		5AD2CEE22281AFA100FE65C9 /* VIPERTrainingApp.app */ = {isa = PBXFileReference; explicitFileType = wrapper.application; includeInIndex = 0; path = VIPERTrainingApp.app; sourceTree = BUILT_PRODUCTS_DIR; };
		5AD2CEE52281AFA100FE65C9 /* AppDelegate.swift */ = {isa = PBXFileReference; lastKnownFileType = sourcecode.swift; path = AppDelegate.swift; sourceTree = "<group>"; };
		5AD2CEE72281AFA100FE65C9 /* GalleryPhotosViewController.swift */ = {isa = PBXFileReference; lastKnownFileType = sourcecode.swift; path = GalleryPhotosViewController.swift; sourceTree = "<group>"; };
		5AD2CEEA2281AFA100FE65C9 /* Base */ = {isa = PBXFileReference; lastKnownFileType = file.storyboard; name = Base; path = Base.lproj/Main.storyboard; sourceTree = "<group>"; };
		5AD2CEED2281AFA100FE65C9 /* VIPERTrainingApp.xcdatamodel */ = {isa = PBXFileReference; lastKnownFileType = wrapper.xcdatamodel; path = VIPERTrainingApp.xcdatamodel; sourceTree = "<group>"; };
		5AD2CEEF2281AFC300FE65C9 /* Assets.xcassets */ = {isa = PBXFileReference; lastKnownFileType = folder.assetcatalog; path = Assets.xcassets; sourceTree = "<group>"; };
		5AD2CEF22281AFC300FE65C9 /* Base */ = {isa = PBXFileReference; lastKnownFileType = file.storyboard; name = Base; path = Base.lproj/LaunchScreen.storyboard; sourceTree = "<group>"; };
		5AD2CEF42281AFC300FE65C9 /* Info.plist */ = {isa = PBXFileReference; lastKnownFileType = text.plist.xml; path = Info.plist; sourceTree = "<group>"; };
		5AD2CEFA22822C0900FE65C9 /* ImageViewCell.swift */ = {isa = PBXFileReference; lastKnownFileType = sourcecode.swift; path = ImageViewCell.swift; sourceTree = "<group>"; };
/* End PBXFileReference section */

/* Begin PBXFrameworksBuildPhase section */
		5AD2CEDF2281AFA100FE65C9 /* Frameworks */ = {
			isa = PBXFrameworksBuildPhase;
			buildActionMask = 2147483647;
			files = (
			);
			runOnlyForDeploymentPostprocessing = 0;
		};
/* End PBXFrameworksBuildPhase section */

/* Begin PBXGroup section */
		5A4DC4DD22836B1C0092F182 /* UploadedList */ = {
			isa = PBXGroup;
			children = (
				5A4DC4F122846CA50092F182 /* UrlTableViewCell.swift */,
				5A4DC4DE22836B550092F182 /* UploadedListVC.swift */,
				5A4DC4E222836BA80092F182 /* UploadedListPresenter.swift */,
				5A4DC4E022836B840092F182 /* UploadedListRouter.swift */,
				5A4DC4E7228379210092F182 /* ImageUrl.swift */,
				5A4DC4E922837A330092F182 /* UploadedListProtocols.swift */,
				5A3305EF22BB02A0007F82B2 /* UploadedListModel.swift */,
			);
			path = UploadedList;
			sourceTree = "<group>";
		};
		5A4DC4E422836E160092F182 /* GalleryPhotos */ = {
			isa = PBXGroup;
			children = (
				5AD2CEFA22822C0900FE65C9 /* ImageViewCell.swift */,
				5AD2CEE72281AFA100FE65C9 /* GalleryPhotosViewController.swift */,
				5A4DC4EF2283832A0092F182 /* GalleryPhotosPresenter.swift */,
				5A4DC4EB22837AA60092F182 /* GalleryPhotosRouter.swift */,
				5A4DC4ED228380470092F182 /* GalleryPhotosProtocols.swift */,
			);
			path = GalleryPhotos;
			sourceTree = "<group>";
		};
		5AD2CED92281AFA100FE65C9 = {
			isa = PBXGroup;
			children = (
				5AD2CEE42281AFA100FE65C9 /* VIPERTrainingApp */,
				5AD2CEE32281AFA100FE65C9 /* Products */,
			);
			sourceTree = "<group>";
		};
		5AD2CEE32281AFA100FE65C9 /* Products */ = {
			isa = PBXGroup;
			children = (
				5AD2CEE22281AFA100FE65C9 /* VIPERTrainingApp.app */,
			);
			name = Products;
			sourceTree = "<group>";
		};
		5AD2CEE42281AFA100FE65C9 /* VIPERTrainingApp */ = {
			isa = PBXGroup;
			children = (
				5A4DC4E422836E160092F182 /* GalleryPhotos */,
				5A4DC4DD22836B1C0092F182 /* UploadedList */,
				5AD2CEE52281AFA100FE65C9 /* AppDelegate.swift */,
				5A4DC4D9228367930092F182 /* DataInteractor.swift */,
				5A4DC4E5228377530092F182 /* SimpleWebService.swift */,
				5AD2CEE92281AFA100FE65C9 /* Main.storyboard */,
				5AD2CEEF2281AFC300FE65C9 /* Assets.xcassets */,
				5AD2CEF12281AFC300FE65C9 /* LaunchScreen.storyboard */,
				5AD2CEF42281AFC300FE65C9 /* Info.plist */,
				5AD2CEEC2281AFA100FE65C9 /* VIPERTrainingApp.xcdatamodeld */,
			);
			path = VIPERTrainingApp;
			sourceTree = "<group>";
		};
/* End PBXGroup section */

/* Begin PBXNativeTarget section */
		5AD2CEE12281AFA100FE65C9 /* VIPERTrainingApp */ = {
			isa = PBXNativeTarget;
			buildConfigurationList = 5AD2CEF72281AFC300FE65C9 /* Build configuration list for PBXNativeTarget "VIPERTrainingApp" */;
			buildPhases = (
				5AD2CEDE2281AFA100FE65C9 /* Sources */,
				5AD2CEDF2281AFA100FE65C9 /* Frameworks */,
				5AD2CEE02281AFA100FE65C9 /* Resources */,
			);
			buildRules = (
			);
			dependencies = (
			);
			name = VIPERTrainingApp;
			productName = VIPERTrainingApp;
			productReference = 5AD2CEE22281AFA100FE65C9 /* VIPERTrainingApp.app */;
			productType = "com.apple.product-type.application";
		};
/* End PBXNativeTarget section */

/* Begin PBXProject section */
		5AD2CEDA2281AFA100FE65C9 /* Project object */ = {
			isa = PBXProject;
			attributes = {
				LastSwiftUpdateCheck = 1010;
				LastUpgradeCheck = 1010;
				ORGANIZATIONNAME = Sdk;
				TargetAttributes = {
					5AD2CEE12281AFA100FE65C9 = {
						CreatedOnToolsVersion = 10.1;
					};
				};
			};
			buildConfigurationList = 5AD2CEDD2281AFA100FE65C9 /* Build configuration list for PBXProject "VIPERTrainingApp" */;
			compatibilityVersion = "Xcode 9.3";
			developmentRegion = en;
			hasScannedForEncodings = 0;
			knownRegions = (
				en,
				Base,
			);
			mainGroup = 5AD2CED92281AFA100FE65C9;
			productRefGroup = 5AD2CEE32281AFA100FE65C9 /* Products */;
			projectDirPath = "";
			projectRoot = "";
			targets = (
				5AD2CEE12281AFA100FE65C9 /* VIPERTrainingApp */,
			);
		};
/* End PBXProject section */

/* Begin PBXResourcesBuildPhase section */
		5AD2CEE02281AFA100FE65C9 /* Resources */ = {
			isa = PBXResourcesBuildPhase;
			buildActionMask = 2147483647;
			files = (
				5AD2CEF32281AFC300FE65C9 /* LaunchScreen.storyboard in Resources */,
				5AD2CEF02281AFC300FE65C9 /* Assets.xcassets in Resources */,
				5AD2CEEB2281AFA100FE65C9 /* Main.storyboard in Resources */,
			);
			runOnlyForDeploymentPostprocessing = 0;
		};
/* End PBXResourcesBuildPhase section */

/* Begin PBXSourcesBuildPhase section */
		5AD2CEDE2281AFA100FE65C9 /* Sources */ = {
			isa = PBXSourcesBuildPhase;
			buildActionMask = 2147483647;
			files = (
				5A4DC4EA22837A330092F182 /* UploadedListProtocols.swift in Sources */,
				5AD2CEE82281AFA100FE65C9 /* GalleryPhotosViewController.swift in Sources */,
				5A4DC4EE228380470092F182 /* GalleryPhotosProtocols.swift in Sources */,
				5A4DC4DF22836B550092F182 /* UploadedListVC.swift in Sources */,
				5AD2CEE62281AFA100FE65C9 /* AppDelegate.swift in Sources */,
				5AD2CEFB22822C0900FE65C9 /* ImageViewCell.swift in Sources */,
				5A4DC4F222846CA50092F182 /* UrlTableViewCell.swift in Sources */,
				5A4DC4E8228379210092F182 /* ImageUrl.swift in Sources */,
				5A4DC4EC22837AA60092F182 /* GalleryPhotosRouter.swift in Sources */,
				5A4DC4E322836BA80092F182 /* UploadedListPresenter.swift in Sources */,
				5A4DC4E6228377530092F182 /* SimpleWebService.swift in Sources */,
				5A4DC4F02283832A0092F182 /* GalleryPhotosPresenter.swift in Sources */,
				5AD2CEEE2281AFA100FE65C9 /* VIPERTrainingApp.xcdatamodeld in Sources */,
				5A3305F022BB02A0007F82B2 /* UploadedListModel.swift in Sources */,
				5A4DC4E122836B840092F182 /* UploadedListRouter.swift in Sources */,
				5A4DC4DA228367930092F182 /* DataInteractor.swift in Sources */,
			);
			runOnlyForDeploymentPostprocessing = 0;
		};
/* End PBXSourcesBuildPhase section */

/* Begin PBXVariantGroup section */
		5AD2CEE92281AFA100FE65C9 /* Main.storyboard */ = {
			isa = PBXVariantGroup;
			children = (
				5AD2CEEA2281AFA100FE65C9 /* Base */,
			);
			name = Main.storyboard;
			sourceTree = "<group>";
		};
		5AD2CEF12281AFC300FE65C9 /* LaunchScreen.storyboard */ = {
			isa = PBXVariantGroup;
			children = (
				5AD2CEF22281AFC300FE65C9 /* Base */,
			);
			name = LaunchScreen.storyboard;
			sourceTree = "<group>";
		};
/* End PBXVariantGroup section */

/* Begin XCBuildConfiguration section */
		5AD2CEF52281AFC300FE65C9 /* Debug */ = {
			isa = XCBuildConfiguration;
			buildSettings = {
				ALWAYS_SEARCH_USER_PATHS = NO;
				CLANG_ANALYZER_NONNULL = YES;
				CLANG_ANALYZER_NUMBER_OBJECT_CONVERSION = YES_AGGRESSIVE;
				CLANG_CXX_LANGUAGE_STANDARD = "gnu++14";
				CLANG_CXX_LIBRARY = "libc++";
				CLANG_ENABLE_MODULES = YES;
				CLANG_ENABLE_OBJC_ARC = YES;
				CLANG_ENABLE_OBJC_WEAK = YES;
				CLANG_WARN_BLOCK_CAPTURE_AUTORELEASING = YES;
				CLANG_WARN_BOOL_CONVERSION = YES;
				CLANG_WARN_COMMA = YES;
				CLANG_WARN_CONSTANT_CONVERSION = YES;
				CLANG_WARN_DEPRECATED_OBJC_IMPLEMENTATIONS = YES;
				CLANG_WARN_DIRECT_OBJC_ISA_USAGE = YES_ERROR;
				CLANG_WARN_DOCUMENTATION_COMMENTS = YES;
				CLANG_WARN_EMPTY_BODY = YES;
				CLANG_WARN_ENUM_CONVERSION = YES;
				CLANG_WARN_INFINITE_RECURSION = YES;
				CLANG_WARN_INT_CONVERSION = YES;
				CLANG_WARN_NON_LITERAL_NULL_CONVERSION = YES;
				CLANG_WARN_OBJC_IMPLICIT_RETAIN_SELF = YES;
				CLANG_WARN_OBJC_LITERAL_CONVERSION = YES;
				CLANG_WARN_OBJC_ROOT_CLASS = YES_ERROR;
				CLANG_WARN_RANGE_LOOP_ANALYSIS = YES;
				CLANG_WARN_STRICT_PROTOTYPES = YES;
				CLANG_WARN_SUSPICIOUS_MOVE = YES;
				CLANG_WARN_UNGUARDED_AVAILABILITY = YES_AGGRESSIVE;
				CLANG_WARN_UNREACHABLE_CODE = YES;
				CLANG_WARN__DUPLICATE_METHOD_MATCH = YES;
				CODE_SIGN_IDENTITY = "iPhone Developer";
				COPY_PHASE_STRIP = NO;
				DEBUG_INFORMATION_FORMAT = dwarf;
				ENABLE_STRICT_OBJC_MSGSEND = YES;
				ENABLE_TESTABILITY = YES;
				GCC_C_LANGUAGE_STANDARD = gnu11;
				GCC_DYNAMIC_NO_PIC = NO;
				GCC_NO_COMMON_BLOCKS = YES;
				GCC_OPTIMIZATION_LEVEL = 0;
				GCC_PREPROCESSOR_DEFINITIONS = (
					"DEBUG=1",
					"$(inherited)",
				);
				GCC_WARN_64_TO_32_BIT_CONVERSION = YES;
				GCC_WARN_ABOUT_RETURN_TYPE = YES_ERROR;
				GCC_WARN_UNDECLARED_SELECTOR = YES;
				GCC_WARN_UNINITIALIZED_AUTOS = YES_AGGRESSIVE;
				GCC_WARN_UNUSED_FUNCTION = YES;
				GCC_WARN_UNUSED_VARIABLE = YES;
				IPHONEOS_DEPLOYMENT_TARGET = 12.1;
				MTL_ENABLE_DEBUG_INFO = INCLUDE_SOURCE;
				MTL_FAST_MATH = YES;
				ONLY_ACTIVE_ARCH = YES;
				SDKROOT = iphoneos;
				SWIFT_ACTIVE_COMPILATION_CONDITIONS = DEBUG;
				SWIFT_OPTIMIZATION_LEVEL = "-Onone";
			};
			name = Debug;
		};
		5AD2CEF62281AFC300FE65C9 /* Release */ = {
			isa = XCBuildConfiguration;
			buildSettings = {
				ALWAYS_SEARCH_USER_PATHS = NO;
				CLANG_ANALYZER_NONNULL = YES;
				CLANG_ANALYZER_NUMBER_OBJECT_CONVERSION = YES_AGGRESSIVE;
				CLANG_CXX_LANGUAGE_STANDARD = "gnu++14";
				CLANG_CXX_LIBRARY = "libc++";
				CLANG_ENABLE_MODULES = YES;
				CLANG_ENABLE_OBJC_ARC = YES;
				CLANG_ENABLE_OBJC_WEAK = YES;
				CLANG_WARN_BLOCK_CAPTURE_AUTORELEASING = YES;
				CLANG_WARN_BOOL_CONVERSION = YES;
				CLANG_WARN_COMMA = YES;
				CLANG_WARN_CONSTANT_CONVERSION = YES;
				CLANG_WARN_DEPRECATED_OBJC_IMPLEMENTATIONS = YES;
				CLANG_WARN_DIRECT_OBJC_ISA_USAGE = YES_ERROR;
				CLANG_WARN_DOCUMENTATION_COMMENTS = YES;
				CLANG_WARN_EMPTY_BODY = YES;
				CLANG_WARN_ENUM_CONVERSION = YES;
				CLANG_WARN_INFINITE_RECURSION = YES;
				CLANG_WARN_INT_CONVERSION = YES;
				CLANG_WARN_NON_LITERAL_NULL_CONVERSION = YES;
				CLANG_WARN_OBJC_IMPLICIT_RETAIN_SELF = YES;
				CLANG_WARN_OBJC_LITERAL_CONVERSION = YES;
				CLANG_WARN_OBJC_ROOT_CLASS = YES_ERROR;
				CLANG_WARN_RANGE_LOOP_ANALYSIS = YES;
				CLANG_WARN_STRICT_PROTOTYPES = YES;
				CLANG_WARN_SUSPICIOUS_MOVE = YES;
				CLANG_WARN_UNGUARDED_AVAILABILITY = YES_AGGRESSIVE;
				CLANG_WARN_UNREACHABLE_CODE = YES;
				CLANG_WARN__DUPLICATE_METHOD_MATCH = YES;
				CODE_SIGN_IDENTITY = "iPhone Developer";
				COPY_PHASE_STRIP = NO;
				DEBUG_INFORMATION_FORMAT = "dwarf-with-dsym";
				ENABLE_NS_ASSERTIONS = NO;
				ENABLE_STRICT_OBJC_MSGSEND = YES;
				GCC_C_LANGUAGE_STANDARD = gnu11;
				GCC_NO_COMMON_BLOCKS = YES;
				GCC_WARN_64_TO_32_BIT_CONVERSION = YES;
				GCC_WARN_ABOUT_RETURN_TYPE = YES_ERROR;
				GCC_WARN_UNDECLARED_SELECTOR = YES;
				GCC_WARN_UNINITIALIZED_AUTOS = YES_AGGRESSIVE;
				GCC_WARN_UNUSED_FUNCTION = YES;
				GCC_WARN_UNUSED_VARIABLE = YES;
				IPHONEOS_DEPLOYMENT_TARGET = 12.1;
				MTL_ENABLE_DEBUG_INFO = NO;
				MTL_FAST_MATH = YES;
				SDKROOT = iphoneos;
				SWIFT_COMPILATION_MODE = wholemodule;
				SWIFT_OPTIMIZATION_LEVEL = "-O";
				VALIDATE_PRODUCT = YES;
			};
			name = Release;
		};
		5AD2CEF82281AFC300FE65C9 /* Debug */ = {
			isa = XCBuildConfiguration;
			buildSettings = {
				ASSETCATALOG_COMPILER_APPICON_NAME = AppIcon;
				CODE_SIGN_STYLE = Automatic;
				DEVELOPMENT_TEAM = 7ZT8S862ZF;
				INFOPLIST_FILE = VIPERTrainingApp/Info.plist;
				LD_RUNPATH_SEARCH_PATHS = (
					"$(inherited)",
					"@executable_path/Frameworks",
				);
				PRODUCT_BUNDLE_IDENTIFIER = com.testApp.AM;
				PRODUCT_NAME = "$(TARGET_NAME)";
				SWIFT_VERSION = 4.2;
				TARGETED_DEVICE_FAMILY = "1,2";
			};
			name = Debug;
		};
		5AD2CEF92281AFC300FE65C9 /* Release */ = {
			isa = XCBuildConfiguration;
			buildSettings = {
				ASSETCATALOG_COMPILER_APPICON_NAME = AppIcon;
				CODE_SIGN_STYLE = Automatic;
				DEVELOPMENT_TEAM = 7ZT8S862ZF;
				INFOPLIST_FILE = VIPERTrainingApp/Info.plist;
				LD_RUNPATH_SEARCH_PATHS = (
					"$(inherited)",
					"@executable_path/Frameworks",
				);
				PRODUCT_BUNDLE_IDENTIFIER = com.testApp.AM;
				PRODUCT_NAME = "$(TARGET_NAME)";
				SWIFT_VERSION = 4.2;
				TARGETED_DEVICE_FAMILY = "1,2";
			};
			name = Release;
		};
/* End XCBuildConfiguration section */

/* Begin XCConfigurationList section */
		5AD2CEDD2281AFA100FE65C9 /* Build configuration list for PBXProject "VIPERTrainingApp" */ = {
			isa = XCConfigurationList;
			buildConfigurations = (
				5AD2CEF52281AFC300FE65C9 /* Debug */,
				5AD2CEF62281AFC300FE65C9 /* Release */,
			);
			defaultConfigurationIsVisible = 0;
			defaultConfigurationName = Release;
		};
		5AD2CEF72281AFC300FE65C9 /* Build configuration list for PBXNativeTarget "VIPERTrainingApp" */ = {
			isa = XCConfigurationList;
			buildConfigurations = (
				5AD2CEF82281AFC300FE65C9 /* Debug */,
				5AD2CEF92281AFC300FE65C9 /* Release */,
			);
			defaultConfigurationIsVisible = 0;
			defaultConfigurationName = Release;
		};
/* End XCConfigurationList section */

/* Begin XCVersionGroup section */
		5AD2CEEC2281AFA100FE65C9 /* VIPERTrainingApp.xcdatamodeld */ = {
			isa = XCVersionGroup;
			children = (
				5AD2CEED2281AFA100FE65C9 /* VIPERTrainingApp.xcdatamodel */,
			);
			currentVersion = 5AD2CEED2281AFA100FE65C9 /* VIPERTrainingApp.xcdatamodel */;
			path = VIPERTrainingApp.xcdatamodeld;
			sourceTree = "<group>";
			versionGroupType = wrapper.xcdatamodel;
		};
/* End XCVersionGroup section */
	};
	rootObject = 5AD2CEDA2281AFA100FE65C9 /* Project object */;
}
